// !$*UTF8*$!
{
	archiveVersion = 1;
	classes = {
	};
	objectVersion = 55;
	objects = {

/* Begin PBXBuildFile section */
		2A05A1E8296F1C3B001CA241 /* EuropaApp.swift in Sources */ = {isa = PBXBuildFile; fileRef = 2A05A1E7296F1C3B001CA241 /* EuropaApp.swift */; };
		2A05A1EA296F1C3B001CA241 /* ContentView.swift in Sources */ = {isa = PBXBuildFile; fileRef = 2A05A1E9296F1C3B001CA241 /* ContentView.swift */; };
		2A05A1EC296F1C3F001CA241 /* Assets.xcassets in Resources */ = {isa = PBXBuildFile; fileRef = 2A05A1EB296F1C3F001CA241 /* Assets.xcassets */; };
		2A05A1EF296F1C3F001CA241 /* Preview Assets.xcassets in Resources */ = {isa = PBXBuildFile; fileRef = 2A05A1EE296F1C3F001CA241 /* Preview Assets.xcassets */; };
		2A2AD5102974E733005F3CC8 /* VideoListItem.swift in Sources */ = {isa = PBXBuildFile; fileRef = 2A2AD50F2974E733005F3CC8 /* VideoListItem.swift */; };
		2A2AD5122974EAE6005F3CC8 /* VideoPlayerView.swift in Sources */ = {isa = PBXBuildFile; fileRef = 2A2AD5112974EAE6005F3CC8 /* VideoPlayerView.swift */; };
		2A35AC2D296F6BC70076CFC0 /* elon.mp4 in Resources */ = {isa = PBXBuildFile; fileRef = 2A35AC23296F6BC70076CFC0 /* elon.mp4 */; };
		2A35AC2E296F6BC70076CFC0 /* jeff.mp4 in Resources */ = {isa = PBXBuildFile; fileRef = 2A35AC24296F6BC70076CFC0 /* jeff.mp4 */; };
		2A35AC2F296F6BC70076CFC0 /* mukesh.mp4 in Resources */ = {isa = PBXBuildFile; fileRef = 2A35AC25296F6BC70076CFC0 /* mukesh.mp4 */; };
		2A35AC30296F6BC70076CFC0 /* bernard.mp4 in Resources */ = {isa = PBXBuildFile; fileRef = 2A35AC26296F6BC70076CFC0 /* bernard.mp4 */; };
		2A35AC31296F6BC70076CFC0 /* page.mp4 in Resources */ = {isa = PBXBuildFile; fileRef = 2A35AC27296F6BC70076CFC0 /* page.mp4 */; };
		2A35AC32296F6BC70076CFC0 /* warren.mp4 in Resources */ = {isa = PBXBuildFile; fileRef = 2A35AC28296F6BC70076CFC0 /* warren.mp4 */; };
		2A35AC33296F6BC70076CFC0 /* larry.mp4 in Resources */ = {isa = PBXBuildFile; fileRef = 2A35AC29296F6BC70076CFC0 /* larry.mp4 */; };
		2A35AC34296F6BC70076CFC0 /* gautam.mp4 in Resources */ = {isa = PBXBuildFile; fileRef = 2A35AC2A296F6BC70076CFC0 /* gautam.mp4 */; };
		2A35AC35296F6BC70076CFC0 /* bill.mp4 in Resources */ = {isa = PBXBuildFile; fileRef = 2A35AC2B296F6BC70076CFC0 /* bill.mp4 */; };
		2A35AC36296F6BC70076CFC0 /* steve.mp4 in Resources */ = {isa = PBXBuildFile; fileRef = 2A35AC2C296F6BC70076CFC0 /* steve.mp4 */; };
		2A35AC3C296F79920076CFC0 /* covers.json in Resources */ = {isa = PBXBuildFile; fileRef = 2A35AC38296F79920076CFC0 /* covers.json */; };
		2A35AC3D296F79920076CFC0 /* locations.json in Resources */ = {isa = PBXBuildFile; fileRef = 2A35AC39296F79920076CFC0 /* locations.json */; };
		2A35AC3E296F79920076CFC0 /* people.json in Resources */ = {isa = PBXBuildFile; fileRef = 2A35AC3A296F79920076CFC0 /* people.json */; };
		2A35AC3F296F79920076CFC0 /* videos.json in Resources */ = {isa = PBXBuildFile; fileRef = 2A35AC3B296F79920076CFC0 /* videos.json */; };
		2A35AC43296F7BCF0076CFC0 /* VideoListItemView.swift in Sources */ = {isa = PBXBuildFile; fileRef = 2A35AC42296F7BCF0076CFC0 /* VideoListItemView.swift */; };
		2A35AC45296F7BDE0076CFC0 /* MapView.swift in Sources */ = {isa = PBXBuildFile; fileRef = 2A35AC44296F7BDE0076CFC0 /* MapView.swift */; };
		2A35AC47296F7BEF0076CFC0 /* GalleryView.swift in Sources */ = {isa = PBXBuildFile; fileRef = 2A35AC46296F7BEF0076CFC0 /* GalleryView.swift */; };
		2A35AC49296F7BFB0076CFC0 /* MainView.swift in Sources */ = {isa = PBXBuildFile; fileRef = 2A35AC48296F7BFB0076CFC0 /* MainView.swift */; };
		2A35AC4C296F7DC30076CFC0 /* CoverImageView.swift in Sources */ = {isa = PBXBuildFile; fileRef = 2A35AC4B296F7DC30076CFC0 /* CoverImageView.swift */; };
		2A35AC4F296F7ECA0076CFC0 /* CoverImageModel.swift in Sources */ = {isa = PBXBuildFile; fileRef = 2A35AC4E296F7ECA0076CFC0 /* CoverImageModel.swift */; };
		2A35AC52296F7F2C0076CFC0 /* CodableBundleExtension.swift in Sources */ = {isa = PBXBuildFile; fileRef = 2A35AC51296F7F2C0076CFC0 /* CodableBundleExtension.swift */; };
		2A4B6C97297253A1002E4D1D /* InsetMapView.swift in Sources */ = {isa = PBXBuildFile; fileRef = 2A4B6C96297253A1002E4D1D /* InsetMapView.swift */; };
		2A4B6C9929725661002E4D1D /* ExternalWebLinkView.swift in Sources */ = {isa = PBXBuildFile; fileRef = 2A4B6C9829725661002E4D1D /* ExternalWebLinkView.swift */; };
		2A4B6C9B297258AD002E4D1D /* VideoModel.swift in Sources */ = {isa = PBXBuildFile; fileRef = 2A4B6C9A297258AD002E4D1D /* VideoModel.swift */; };
		2AEA82D12970B4EB007D227A /* PersonListItemView.swift in Sources */ = {isa = PBXBuildFile; fileRef = 2AEA82D02970B4EB007D227A /* PersonListItemView.swift */; };
		2AEA82D32970B994007D227A /* PersonModel.swift in Sources */ = {isa = PBXBuildFile; fileRef = 2AEA82D22970B994007D227A /* PersonModel.swift */; };
		2AEA82D72970C5DD007D227A /* PersonDetailView.swift in Sources */ = {isa = PBXBuildFile; fileRef = 2AEA82D62970C5DD007D227A /* PersonDetailView.swift */; };
		2AEA82D92970C8BE007D227A /* HeadingView.swift in Sources */ = {isa = PBXBuildFile; fileRef = 2AEA82D82970C8BE007D227A /* HeadingView.swift */; };
		2AEA82DB2970CD2D007D227A /* InsetGalleryView.swift in Sources */ = {isa = PBXBuildFile; fileRef = 2AEA82DA2970CD2D007D227A /* InsetGalleryView.swift */; };
		2AEA82DD2970D03D007D227A /* InsetFactView.swift in Sources */ = {isa = PBXBuildFile; fileRef = 2AEA82DC2970D03D007D227A /* InsetFactView.swift */; };
/* End PBXBuildFile section */

/* Begin PBXFileReference section */
		2A05A1E4296F1C3B001CA241 /* Europa.app */ = {isa = PBXFileReference; explicitFileType = wrapper.application; includeInIndex = 0; path = Europa.app; sourceTree = BUILT_PRODUCTS_DIR; };
		2A05A1E7296F1C3B001CA241 /* EuropaApp.swift */ = {isa = PBXFileReference; lastKnownFileType = sourcecode.swift; path = EuropaApp.swift; sourceTree = "<group>"; };
		2A05A1E9296F1C3B001CA241 /* ContentView.swift */ = {isa = PBXFileReference; lastKnownFileType = sourcecode.swift; path = ContentView.swift; sourceTree = "<group>"; };
		2A05A1EB296F1C3F001CA241 /* Assets.xcassets */ = {isa = PBXFileReference; lastKnownFileType = folder.assetcatalog; path = Assets.xcassets; sourceTree = "<group>"; };
		2A05A1EE296F1C3F001CA241 /* Preview Assets.xcassets */ = {isa = PBXFileReference; lastKnownFileType = folder.assetcatalog; path = "Preview Assets.xcassets"; sourceTree = "<group>"; };
		2A2AD50F2974E733005F3CC8 /* VideoListItem.swift */ = {isa = PBXFileReference; lastKnownFileType = sourcecode.swift; path = VideoListItem.swift; sourceTree = "<group>"; };
		2A2AD5112974EAE6005F3CC8 /* VideoPlayerView.swift */ = {isa = PBXFileReference; lastKnownFileType = sourcecode.swift; path = VideoPlayerView.swift; sourceTree = "<group>"; };
		2A35AC23296F6BC70076CFC0 /* elon.mp4 */ = {isa = PBXFileReference; lastKnownFileType = file; path = elon.mp4; sourceTree = "<group>"; };
		2A35AC24296F6BC70076CFC0 /* jeff.mp4 */ = {isa = PBXFileReference; lastKnownFileType = file; path = jeff.mp4; sourceTree = "<group>"; };
		2A35AC25296F6BC70076CFC0 /* mukesh.mp4 */ = {isa = PBXFileReference; lastKnownFileType = file; path = mukesh.mp4; sourceTree = "<group>"; };
		2A35AC26296F6BC70076CFC0 /* bernard.mp4 */ = {isa = PBXFileReference; lastKnownFileType = file; path = bernard.mp4; sourceTree = "<group>"; };
		2A35AC27296F6BC70076CFC0 /* page.mp4 */ = {isa = PBXFileReference; lastKnownFileType = file; path = page.mp4; sourceTree = "<group>"; };
		2A35AC28296F6BC70076CFC0 /* warren.mp4 */ = {isa = PBXFileReference; lastKnownFileType = file; path = warren.mp4; sourceTree = "<group>"; };
		2A35AC29296F6BC70076CFC0 /* larry.mp4 */ = {isa = PBXFileReference; lastKnownFileType = file; path = larry.mp4; sourceTree = "<group>"; };
		2A35AC2A296F6BC70076CFC0 /* gautam.mp4 */ = {isa = PBXFileReference; lastKnownFileType = file; path = gautam.mp4; sourceTree = "<group>"; };
		2A35AC2B296F6BC70076CFC0 /* bill.mp4 */ = {isa = PBXFileReference; lastKnownFileType = file; path = bill.mp4; sourceTree = "<group>"; };
		2A35AC2C296F6BC70076CFC0 /* steve.mp4 */ = {isa = PBXFileReference; lastKnownFileType = file; path = steve.mp4; sourceTree = "<group>"; };
		2A35AC38296F79920076CFC0 /* covers.json */ = {isa = PBXFileReference; fileEncoding = 4; lastKnownFileType = text.json; path = covers.json; sourceTree = "<group>"; };
		2A35AC39296F79920076CFC0 /* locations.json */ = {isa = PBXFileReference; fileEncoding = 4; lastKnownFileType = text.json; path = locations.json; sourceTree = "<group>"; };
		2A35AC3A296F79920076CFC0 /* people.json */ = {isa = PBXFileReference; fileEncoding = 4; lastKnownFileType = text.json; path = people.json; sourceTree = "<group>"; };
		2A35AC3B296F79920076CFC0 /* videos.json */ = {isa = PBXFileReference; fileEncoding = 4; lastKnownFileType = text.json; path = videos.json; sourceTree = "<group>"; };
		2A35AC40296F7A960076CFC0 /* Info.plist */ = {isa = PBXFileReference; lastKnownFileType = text.plist; path = Info.plist; sourceTree = "<group>"; };
		2A35AC42296F7BCF0076CFC0 /* VideoListItemView.swift */ = {isa = PBXFileReference; lastKnownFileType = sourcecode.swift; path = VideoListItemView.swift; sourceTree = "<group>"; };
		2A35AC44296F7BDE0076CFC0 /* MapView.swift */ = {isa = PBXFileReference; lastKnownFileType = sourcecode.swift; path = MapView.swift; sourceTree = "<group>"; };
		2A35AC46296F7BEF0076CFC0 /* GalleryView.swift */ = {isa = PBXFileReference; lastKnownFileType = sourcecode.swift; path = GalleryView.swift; sourceTree = "<group>"; };
		2A35AC48296F7BFB0076CFC0 /* MainView.swift */ = {isa = PBXFileReference; lastKnownFileType = sourcecode.swift; path = MainView.swift; sourceTree = "<group>"; };
		2A35AC4B296F7DC30076CFC0 /* CoverImageView.swift */ = {isa = PBXFileReference; lastKnownFileType = sourcecode.swift; path = CoverImageView.swift; sourceTree = "<group>"; };
		2A35AC4E296F7ECA0076CFC0 /* CoverImageModel.swift */ = {isa = PBXFileReference; lastKnownFileType = sourcecode.swift; path = CoverImageModel.swift; sourceTree = "<group>"; };
		2A35AC51296F7F2C0076CFC0 /* CodableBundleExtension.swift */ = {isa = PBXFileReference; lastKnownFileType = sourcecode.swift; path = CodableBundleExtension.swift; sourceTree = "<group>"; };
		2A4B6C96297253A1002E4D1D /* InsetMapView.swift */ = {isa = PBXFileReference; lastKnownFileType = sourcecode.swift; path = InsetMapView.swift; sourceTree = "<group>"; };
		2A4B6C9829725661002E4D1D /* ExternalWebLinkView.swift */ = {isa = PBXFileReference; lastKnownFileType = sourcecode.swift; path = ExternalWebLinkView.swift; sourceTree = "<group>"; };
		2A4B6C9A297258AD002E4D1D /* VideoModel.swift */ = {isa = PBXFileReference; lastKnownFileType = sourcecode.swift; path = VideoModel.swift; sourceTree = "<group>"; };
		2AEA82D02970B4EB007D227A /* PersonListItemView.swift */ = {isa = PBXFileReference; lastKnownFileType = sourcecode.swift; path = PersonListItemView.swift; sourceTree = "<group>"; };
		2AEA82D22970B994007D227A /* PersonModel.swift */ = {isa = PBXFileReference; lastKnownFileType = sourcecode.swift; path = PersonModel.swift; sourceTree = "<group>"; };
		2AEA82D62970C5DD007D227A /* PersonDetailView.swift */ = {isa = PBXFileReference; lastKnownFileType = sourcecode.swift; path = PersonDetailView.swift; sourceTree = "<group>"; };
		2AEA82D82970C8BE007D227A /* HeadingView.swift */ = {isa = PBXFileReference; lastKnownFileType = sourcecode.swift; path = HeadingView.swift; sourceTree = "<group>"; };
		2AEA82DA2970CD2D007D227A /* InsetGalleryView.swift */ = {isa = PBXFileReference; lastKnownFileType = sourcecode.swift; path = InsetGalleryView.swift; sourceTree = "<group>"; };
		2AEA82DC2970D03D007D227A /* InsetFactView.swift */ = {isa = PBXFileReference; lastKnownFileType = sourcecode.swift; path = InsetFactView.swift; sourceTree = "<group>"; };
/* End PBXFileReference section */

/* Begin PBXFrameworksBuildPhase section */
		2A05A1E1296F1C3B001CA241 /* Frameworks */ = {
			isa = PBXFrameworksBuildPhase;
			buildActionMask = 2147483647;
			files = (
			);
			runOnlyForDeploymentPostprocessing = 0;
		};
/* End PBXFrameworksBuildPhase section */

/* Begin PBXGroup section */
		2A05A1DB296F1C3B001CA241 = {
			isa = PBXGroup;
			children = (
				2A05A1E6296F1C3B001CA241 /* Europa */,
				2A05A1E5296F1C3B001CA241 /* Products */,
			);
			sourceTree = "<group>";
		};
		2A05A1E5296F1C3B001CA241 /* Products */ = {
			isa = PBXGroup;
			children = (
				2A05A1E4296F1C3B001CA241 /* Europa.app */,
			);
			name = Products;
			sourceTree = "<group>";
		};
		2A05A1E6296F1C3B001CA241 /* Europa */ = {
			isa = PBXGroup;
			children = (
				2A35AC50296F7F010076CFC0 /* Extension */,
				2A35AC4D296F7EB60076CFC0 /* Model */,
				2A35AC4A296F7DA70076CFC0 /* View */,
				2A35AC41296F7B920076CFC0 /* App */,
				2A35AC40296F7A960076CFC0 /* Info.plist */,
				2A35AC37296F6BE10076CFC0 /* Data */,
				2A35AC22296F67D80076CFC0 /* Video */,
				2A05A1EB296F1C3F001CA241 /* Assets.xcassets */,
				2A05A1ED296F1C3F001CA241 /* Preview Content */,
			);
			path = Europa;
			sourceTree = "<group>";
		};
		2A05A1ED296F1C3F001CA241 /* Preview Content */ = {
			isa = PBXGroup;
			children = (
				2A05A1EE296F1C3F001CA241 /* Preview Assets.xcassets */,
			);
			path = "Preview Content";
			sourceTree = "<group>";
		};
		2A35AC22296F67D80076CFC0 /* Video */ = {
			isa = PBXGroup;
			children = (
				2A35AC26296F6BC70076CFC0 /* bernard.mp4 */,
				2A35AC2B296F6BC70076CFC0 /* bill.mp4 */,
				2A35AC23296F6BC70076CFC0 /* elon.mp4 */,
				2A35AC2A296F6BC70076CFC0 /* gautam.mp4 */,
				2A35AC24296F6BC70076CFC0 /* jeff.mp4 */,
				2A35AC29296F6BC70076CFC0 /* larry.mp4 */,
				2A35AC25296F6BC70076CFC0 /* mukesh.mp4 */,
				2A35AC27296F6BC70076CFC0 /* page.mp4 */,
				2A35AC2C296F6BC70076CFC0 /* steve.mp4 */,
				2A35AC28296F6BC70076CFC0 /* warren.mp4 */,
			);
			path = Video;
			sourceTree = "<group>";
		};
		2A35AC37296F6BE10076CFC0 /* Data */ = {
			isa = PBXGroup;
			children = (
				2A35AC38296F79920076CFC0 /* covers.json */,
				2A35AC39296F79920076CFC0 /* locations.json */,
				2A35AC3A296F79920076CFC0 /* people.json */,
				2A35AC3B296F79920076CFC0 /* videos.json */,
			);
			path = Data;
			sourceTree = "<group>";
		};
		2A35AC41296F7B920076CFC0 /* App */ = {
			isa = PBXGroup;
			children = (
				2A05A1E7296F1C3B001CA241 /* EuropaApp.swift */,
				2A05A1E9296F1C3B001CA241 /* ContentView.swift */,
				2A35AC42296F7BCF0076CFC0 /* VideoListItemView.swift */,
				2A35AC44296F7BDE0076CFC0 /* MapView.swift */,
				2A35AC46296F7BEF0076CFC0 /* GalleryView.swift */,
				2A35AC48296F7BFB0076CFC0 /* MainView.swift */,
			);
			path = App;
			sourceTree = "<group>";
		};
		2A35AC4A296F7DA70076CFC0 /* View */ = {
			isa = PBXGroup;
			children = (
				2A35AC4B296F7DC30076CFC0 /* CoverImageView.swift */,
				2AEA82D02970B4EB007D227A /* PersonListItemView.swift */,
				2AEA82D62970C5DD007D227A /* PersonDetailView.swift */,
				2AEA82D82970C8BE007D227A /* HeadingView.swift */,
				2AEA82DA2970CD2D007D227A /* InsetGalleryView.swift */,
				2AEA82DC2970D03D007D227A /* InsetFactView.swift */,
				2A4B6C96297253A1002E4D1D /* InsetMapView.swift */,
				2A4B6C9829725661002E4D1D /* ExternalWebLinkView.swift */,
				2A2AD50F2974E733005F3CC8 /* VideoListItem.swift */,
				2A2AD5112974EAE6005F3CC8 /* VideoPlayerView.swift */,
			);
			path = View;
			sourceTree = "<group>";
		};
		2A35AC4D296F7EB60076CFC0 /* Model */ = {
			isa = PBXGroup;
			children = (
				2A35AC4E296F7ECA0076CFC0 /* CoverImageModel.swift */,
				2AEA82D22970B994007D227A /* PersonModel.swift */,
				2A4B6C9A297258AD002E4D1D /* VideoModel.swift */,
			);
			path = Model;
			sourceTree = "<group>";
		};
		2A35AC50296F7F010076CFC0 /* Extension */ = {
			isa = PBXGroup;
			children = (
				2A35AC51296F7F2C0076CFC0 /* CodableBundleExtension.swift */,
			);
			path = Extension;
			sourceTree = "<group>";
		};
/* End PBXGroup section */

/* Begin PBXNativeTarget section */
		2A05A1E3296F1C3B001CA241 /* Europa */ = {
			isa = PBXNativeTarget;
			buildConfigurationList = 2A05A1F2296F1C3F001CA241 /* Build configuration list for PBXNativeTarget "Europa" */;
			buildPhases = (
				2A05A1E0296F1C3B001CA241 /* Sources */,
				2A05A1E1296F1C3B001CA241 /* Frameworks */,
				2A05A1E2296F1C3B001CA241 /* Resources */,
			);
			buildRules = (
			);
			dependencies = (
			);
			name = Europa;
			productName = Europa;
			productReference = 2A05A1E4296F1C3B001CA241 /* Europa.app */;
			productType = "com.apple.product-type.application";
		};
/* End PBXNativeTarget section */

/* Begin PBXProject section */
		2A05A1DC296F1C3B001CA241 /* Project object */ = {
			isa = PBXProject;
			attributes = {
				BuildIndependentTargetsInParallel = 1;
				LastSwiftUpdateCheck = 1340;
				LastUpgradeCheck = 1340;
				TargetAttributes = {
					2A05A1E3296F1C3B001CA241 = {
						CreatedOnToolsVersion = 13.4.1;
					};
				};
			};
			buildConfigurationList = 2A05A1DF296F1C3B001CA241 /* Build configuration list for PBXProject "Europa" */;
			compatibilityVersion = "Xcode 13.0";
			developmentRegion = en;
			hasScannedForEncodings = 0;
			knownRegions = (
				en,
				Base,
			);
			mainGroup = 2A05A1DB296F1C3B001CA241;
			productRefGroup = 2A05A1E5296F1C3B001CA241 /* Products */;
			projectDirPath = "";
			projectRoot = "";
			targets = (
				2A05A1E3296F1C3B001CA241 /* Europa */,
			);
		};
/* End PBXProject section */

/* Begin PBXResourcesBuildPhase section */
		2A05A1E2296F1C3B001CA241 /* Resources */ = {
			isa = PBXResourcesBuildPhase;
			buildActionMask = 2147483647;
			files = (
				2A35AC3D296F79920076CFC0 /* locations.json in Resources */,
				2A35AC3C296F79920076CFC0 /* covers.json in Resources */,
				2A35AC32296F6BC70076CFC0 /* warren.mp4 in Resources */,
				2A35AC30296F6BC70076CFC0 /* bernard.mp4 in Resources */,
				2A35AC34296F6BC70076CFC0 /* gautam.mp4 in Resources */,
				2A35AC33296F6BC70076CFC0 /* larry.mp4 in Resources */,
				2A05A1EF296F1C3F001CA241 /* Preview Assets.xcassets in Resources */,
				2A35AC2D296F6BC70076CFC0 /* elon.mp4 in Resources */,
				2A35AC35296F6BC70076CFC0 /* bill.mp4 in Resources */,
				2A35AC36296F6BC70076CFC0 /* steve.mp4 in Resources */,
				2A35AC2E296F6BC70076CFC0 /* jeff.mp4 in Resources */,
				2A35AC3E296F79920076CFC0 /* people.json in Resources */,
				2A05A1EC296F1C3F001CA241 /* Assets.xcassets in Resources */,
				2A35AC3F296F79920076CFC0 /* videos.json in Resources */,
				2A35AC31296F6BC70076CFC0 /* page.mp4 in Resources */,
				2A35AC2F296F6BC70076CFC0 /* mukesh.mp4 in Resources */,
			);
			runOnlyForDeploymentPostprocessing = 0;
		};
/* End PBXResourcesBuildPhase section */

/* Begin PBXSourcesBuildPhase section */
		2A05A1E0296F1C3B001CA241 /* Sources */ = {
			isa = PBXSourcesBuildPhase;
			buildActionMask = 2147483647;
			files = (
				2AEA82D12970B4EB007D227A /* PersonListItemView.swift in Sources */,
				2A05A1EA296F1C3B001CA241 /* ContentView.swift in Sources */,
				2AEA82D32970B994007D227A /* PersonModel.swift in Sources */,
				2AEA82DD2970D03D007D227A /* InsetFactView.swift in Sources */,
				2A35AC49296F7BFB0076CFC0 /* MainView.swift in Sources */,
				2A4B6C9929725661002E4D1D /* ExternalWebLinkView.swift in Sources */,
				2A35AC4C296F7DC30076CFC0 /* CoverImageView.swift in Sources */,
				2A35AC4F296F7ECA0076CFC0 /* CoverImageModel.swift in Sources */,
				2AEA82DB2970CD2D007D227A /* InsetGalleryView.swift in Sources */,
				2A35AC45296F7BDE0076CFC0 /* MapView.swift in Sources */,
				2A4B6C97297253A1002E4D1D /* InsetMapView.swift in Sources */,
				2A05A1E8296F1C3B001CA241 /* EuropaApp.swift in Sources */,
				2A35AC43296F7BCF0076CFC0 /* VideoListItemView.swift in Sources */,
				2A4B6C9B297258AD002E4D1D /* VideoModel.swift in Sources */,
				2A35AC47296F7BEF0076CFC0 /* GalleryView.swift in Sources */,
				2AEA82D72970C5DD007D227A /* PersonDetailView.swift in Sources */,
				2A2AD5102974E733005F3CC8 /* VideoListItem.swift in Sources */,
				2A35AC52296F7F2C0076CFC0 /* CodableBundleExtension.swift in Sources */,
				2AEA82D92970C8BE007D227A /* HeadingView.swift in Sources */,
				2A2AD5122974EAE6005F3CC8 /* VideoPlayerView.swift in Sources */,
			);
			runOnlyForDeploymentPostprocessing = 0;
		};
/* End PBXSourcesBuildPhase section */

/* Begin XCBuildConfiguration section */
		2A05A1F0296F1C3F001CA241 /* Debug */ = {
			isa = XCBuildConfiguration;
			buildSettings = {
				ALWAYS_SEARCH_USER_PATHS = NO;
				CLANG_ANALYZER_NONNULL = YES;
				CLANG_ANALYZER_NUMBER_OBJECT_CONVERSION = YES_AGGRESSIVE;
				CLANG_CXX_LANGUAGE_STANDARD = "gnu++17";
				CLANG_ENABLE_MODULES = YES;
				CLANG_ENABLE_OBJC_ARC = YES;
				CLANG_ENABLE_OBJC_WEAK = YES;
				CLANG_WARN_BLOCK_CAPTURE_AUTORELEASING = YES;
				CLANG_WARN_BOOL_CONVERSION = YES;
				CLANG_WARN_COMMA = YES;
				CLANG_WARN_CONSTANT_CONVERSION = YES;
				CLANG_WARN_DEPRECATED_OBJC_IMPLEMENTATIONS = YES;
				CLANG_WARN_DIRECT_OBJC_ISA_USAGE = YES_ERROR;
				CLANG_WARN_DOCUMENTATION_COMMENTS = YES;
				CLANG_WARN_EMPTY_BODY = YES;
				CLANG_WARN_ENUM_CONVERSION = YES;
				CLANG_WARN_INFINITE_RECURSION = YES;
				CLANG_WARN_INT_CONVERSION = YES;
				CLANG_WARN_NON_LITERAL_NULL_CONVERSION = YES;
				CLANG_WARN_OBJC_IMPLICIT_RETAIN_SELF = YES;
				CLANG_WARN_OBJC_LITERAL_CONVERSION = YES;
				CLANG_WARN_OBJC_ROOT_CLASS = YES_ERROR;
				CLANG_WARN_QUOTED_INCLUDE_IN_FRAMEWORK_HEADER = YES;
				CLANG_WARN_RANGE_LOOP_ANALYSIS = YES;
				CLANG_WARN_STRICT_PROTOTYPES = YES;
				CLANG_WARN_SUSPICIOUS_MOVE = YES;
				CLANG_WARN_UNGUARDED_AVAILABILITY = YES_AGGRESSIVE;
				CLANG_WARN_UNREACHABLE_CODE = YES;
				CLANG_WARN__DUPLICATE_METHOD_MATCH = YES;
				COPY_PHASE_STRIP = NO;
				DEBUG_INFORMATION_FORMAT = dwarf;
				ENABLE_STRICT_OBJC_MSGSEND = YES;
				ENABLE_TESTABILITY = YES;
				GCC_C_LANGUAGE_STANDARD = gnu11;
				GCC_DYNAMIC_NO_PIC = NO;
				GCC_NO_COMMON_BLOCKS = YES;
				GCC_OPTIMIZATION_LEVEL = 0;
				GCC_PREPROCESSOR_DEFINITIONS = (
					"DEBUG=1",
					"$(inherited)",
				);
				GCC_WARN_64_TO_32_BIT_CONVERSION = YES;
				GCC_WARN_ABOUT_RETURN_TYPE = YES_ERROR;
				GCC_WARN_UNDECLARED_SELECTOR = YES;
				GCC_WARN_UNINITIALIZED_AUTOS = YES_AGGRESSIVE;
				GCC_WARN_UNUSED_FUNCTION = YES;
				GCC_WARN_UNUSED_VARIABLE = YES;
				IPHONEOS_DEPLOYMENT_TARGET = 15.5;
				MTL_ENABLE_DEBUG_INFO = INCLUDE_SOURCE;
				MTL_FAST_MATH = YES;
				ONLY_ACTIVE_ARCH = YES;
				SDKROOT = iphoneos;
				SWIFT_ACTIVE_COMPILATION_CONDITIONS = DEBUG;
				SWIFT_OPTIMIZATION_LEVEL = "-Onone";
			};
			name = Debug;
		};
		2A05A1F1296F1C3F001CA241 /* Release */ = {
			isa = XCBuildConfiguration;
			buildSettings = {
				ALWAYS_SEARCH_USER_PATHS = NO;
				CLANG_ANALYZER_NONNULL = YES;
				CLANG_ANALYZER_NUMBER_OBJECT_CONVERSION = YES_AGGRESSIVE;
				CLANG_CXX_LANGUAGE_STANDARD = "gnu++17";
				CLANG_ENABLE_MODULES = YES;
				CLANG_ENABLE_OBJC_ARC = YES;
				CLANG_ENABLE_OBJC_WEAK = YES;
				CLANG_WARN_BLOCK_CAPTURE_AUTORELEASING = YES;
				CLANG_WARN_BOOL_CONVERSION = YES;
				CLANG_WARN_COMMA = YES;
				CLANG_WARN_CONSTANT_CONVERSION = YES;
				CLANG_WARN_DEPRECATED_OBJC_IMPLEMENTATIONS = YES;
				CLANG_WARN_DIRECT_OBJC_ISA_USAGE = YES_ERROR;
				CLANG_WARN_DOCUMENTATION_COMMENTS = YES;
				CLANG_WARN_EMPTY_BODY = YES;
				CLANG_WARN_ENUM_CONVERSION = YES;
				CLANG_WARN_INFINITE_RECURSION = YES;
				CLANG_WARN_INT_CONVERSION = YES;
				CLANG_WARN_NON_LITERAL_NULL_CONVERSION = YES;
				CLANG_WARN_OBJC_IMPLICIT_RETAIN_SELF = YES;
				CLANG_WARN_OBJC_LITERAL_CONVERSION = YES;
				CLANG_WARN_OBJC_ROOT_CLASS = YES_ERROR;
				CLANG_WARN_QUOTED_INCLUDE_IN_FRAMEWORK_HEADER = YES;
				CLANG_WARN_RANGE_LOOP_ANALYSIS = YES;
				CLANG_WARN_STRICT_PROTOTYPES = YES;
				CLANG_WARN_SUSPICIOUS_MOVE = YES;
				CLANG_WARN_UNGUARDED_AVAILABILITY = YES_AGGRESSIVE;
				CLANG_WARN_UNREACHABLE_CODE = YES;
				CLANG_WARN__DUPLICATE_METHOD_MATCH = YES;
				COPY_PHASE_STRIP = NO;
				DEBUG_INFORMATION_FORMAT = "dwarf-with-dsym";
				ENABLE_NS_ASSERTIONS = NO;
				ENABLE_STRICT_OBJC_MSGSEND = YES;
				GCC_C_LANGUAGE_STANDARD = gnu11;
				GCC_NO_COMMON_BLOCKS = YES;
				GCC_WARN_64_TO_32_BIT_CONVERSION = YES;
				GCC_WARN_ABOUT_RETURN_TYPE = YES_ERROR;
				GCC_WARN_UNDECLARED_SELECTOR = YES;
				GCC_WARN_UNINITIALIZED_AUTOS = YES_AGGRESSIVE;
				GCC_WARN_UNUSED_FUNCTION = YES;
				GCC_WARN_UNUSED_VARIABLE = YES;
				IPHONEOS_DEPLOYMENT_TARGET = 15.5;
				MTL_ENABLE_DEBUG_INFO = NO;
				MTL_FAST_MATH = YES;
				SDKROOT = iphoneos;
				SWIFT_COMPILATION_MODE = wholemodule;
				SWIFT_OPTIMIZATION_LEVEL = "-O";
				VALIDATE_PRODUCT = YES;
			};
			name = Release;
		};
		2A05A1F3296F1C3F001CA241 /* Debug */ = {
			isa = XCBuildConfiguration;
			buildSettings = {
				ASSETCATALOG_COMPILER_APPICON_NAME = AppIcon;
				ASSETCATALOG_COMPILER_GLOBAL_ACCENT_COLOR_NAME = AccentColor;
				CODE_SIGN_STYLE = Automatic;
				CURRENT_PROJECT_VERSION = 1;
				DEVELOPMENT_ASSET_PATHS = "\"Europa/Preview Content\"";
				ENABLE_PREVIEWS = YES;
				GENERATE_INFOPLIST_FILE = YES;
				INFOPLIST_FILE = Europa/Info.plist;
				INFOPLIST_KEY_LSApplicationCategoryType = "";
				INFOPLIST_KEY_UIApplicationSceneManifest_Generation = YES;
				INFOPLIST_KEY_UIApplicationSupportsIndirectInputEvents = YES;
				INFOPLIST_KEY_UISupportedInterfaceOrientations_iPad = "UIInterfaceOrientationPortrait UIInterfaceOrientationPortraitUpsideDown UIInterfaceOrientationLandscapeLeft UIInterfaceOrientationLandscapeRight";
				INFOPLIST_KEY_UISupportedInterfaceOrientations_iPhone = "UIInterfaceOrientationPortrait UIInterfaceOrientationLandscapeLeft UIInterfaceOrientationLandscapeRight";
				INFOPLIST_KEY_UIUserInterfaceStyle = Dark;
				LD_RUNPATH_SEARCH_PATHS = (
					"$(inherited)",
					"@executable_path/Frameworks",
				);
				MARKETING_VERSION = 1.0;
				PRODUCT_BUNDLE_IDENTIFIER = com.seyhan.can.mehmet.Europa;
				PRODUCT_NAME = "$(TARGET_NAME)";
				SWIFT_EMIT_LOC_STRINGS = YES;
				SWIFT_VERSION = 5.0;
				TARGETED_DEVICE_FAMILY = "1,2";
			};
			name = Debug;
		};
		2A05A1F4296F1C3F001CA241 /* Release */ = {
			isa = XCBuildConfiguration;
			buildSettings = {
				ASSETCATALOG_COMPILER_APPICON_NAME = AppIcon;
				ASSETCATALOG_COMPILER_GLOBAL_ACCENT_COLOR_NAME = AccentColor;
				CODE_SIGN_STYLE = Automatic;
				CURRENT_PROJECT_VERSION = 1;
				DEVELOPMENT_ASSET_PATHS = "\"Europa/Preview Content\"";
				ENABLE_PREVIEWS = YES;
				GENERATE_INFOPLIST_FILE = YES;
				INFOPLIST_FILE = Europa/Info.plist;
				INFOPLIST_KEY_LSApplicationCategoryType = "";
				INFOPLIST_KEY_UIApplicationSceneManifest_Generation = YES;
				INFOPLIST_KEY_UIApplicationSupportsIndirectInputEvents = YES;
				INFOPLIST_KEY_UISupportedInterfaceOrientations_iPad = "UIInterfaceOrientationPortrait UIInterfaceOrientationPortraitUpsideDown UIInterfaceOrientationLandscapeLeft UIInterfaceOrientationLandscapeRight";
				INFOPLIST_KEY_UISupportedInterfaceOrientations_iPhone = "UIInterfaceOrientationPortrait UIInterfaceOrientationLandscapeLeft UIInterfaceOrientationLandscapeRight";
				INFOPLIST_KEY_UIUserInterfaceStyle = Dark;
				LD_RUNPATH_SEARCH_PATHS = (
					"$(inherited)",
					"@executable_path/Frameworks",
				);
				MARKETING_VERSION = 1.0;
				PRODUCT_BUNDLE_IDENTIFIER = com.seyhan.can.mehmet.Europa;
				PRODUCT_NAME = "$(TARGET_NAME)";
				SWIFT_EMIT_LOC_STRINGS = YES;
				SWIFT_VERSION = 5.0;
				TARGETED_DEVICE_FAMILY = "1,2";
			};
			name = Release;
		};
/* End XCBuildConfiguration section */

/* Begin XCConfigurationList section */
		2A05A1DF296F1C3B001CA241 /* Build configuration list for PBXProject "Europa" */ = {
			isa = XCConfigurationList;
			buildConfigurations = (
				2A05A1F0296F1C3F001CA241 /* Debug */,
				2A05A1F1296F1C3F001CA241 /* Release */,
			);
			defaultConfigurationIsVisible = 0;
			defaultConfigurationName = Release;
		};
		2A05A1F2296F1C3F001CA241 /* Build configuration list for PBXNativeTarget "Europa" */ = {
			isa = XCConfigurationList;
			buildConfigurations = (
				2A05A1F3296F1C3F001CA241 /* Debug */,
				2A05A1F4296F1C3F001CA241 /* Release */,
			);
			defaultConfigurationIsVisible = 0;
			defaultConfigurationName = Release;
		};
/* End XCConfigurationList section */
	};
	rootObject = 2A05A1DC296F1C3B001CA241 /* Project object */;
}
